
Microsoft Visual Studio Solution File, Format Version 12.00
# Visual Studio Version 16
VisualStudioVersion = 16.0.31005.135
MinimumVisualStudioVersion = 10.0.40219.1
Project("{FAE04EC0-301F-11D3-BF4B-00C04F79EFBC}") = "SalesWebMvc", "SalesWebMvc\SalesWebMvc.csproj", "{BC8D955D-AF6C-4412-BA0D-06FD05222085}"
EndProject
Global
	GlobalSection(SolutionConfigurationPlatforms) = preSolution
		Debug|Any CPU = Debug|Any CPU
		Release|Any CPU = Release|Any CPU
	EndGlobalSection
	GlobalSection(ProjectConfigurationPlatforms) = postSolution
		{BC8D955D-AF6C-4412-BA0D-06FD05222085}.Debug|Any CPU.ActiveCfg = Debug|Any CPU
		{BC8D955D-AF6C-4412-BA0D-06FD05222085}.Debug|Any CPU.Build.0 = Debug|Any CPU
		{BC8D955D-AF6C-4412-BA0D-06FD05222085}.Release|Any CPU.ActiveCfg = Release|Any CPU
		{BC8D955D-AF6C-4412-BA0D-06FD05222085}.Release|Any CPU.Build.0 = Release|Any CPU
	EndGlobalSection
	GlobalSection(SolutionProperties) = preSolution
		HideSolutionNode = FALSE
	EndGlobalSection
	GlobalSection(ExtensibilityGlobals) = postSolution
		SolutionGuid = {D0FFD002-27C5-4DA1-BC6C-BE789E4CA4A7}
	EndGlobalSection
EndGlobal
